
Microsoft Visual Studio Solution File, Format Version 12.00
# Visual Studio Version 16
VisualStudioVersion = 16.0.31515.178
MinimumVisualStudioVersion = 10.0.40219.1
Project("{FAE04EC0-301F-11D3-BF4B-00C04F79EFBC}") = "FlowerClassifier", "FlowerClassifier.csproj", "{CFF88152-202A-4563-9F8D-069559D67133}"
EndProject
Global
	GlobalSection(SolutionConfigurationPlatforms) = preSolution
		Debug|Any CPU = Debug|Any CPU
		Debug|x64 = Debug|x64
		Release|Any CPU = Release|Any CPU
		Release|x64 = Release|x64
	EndGlobalSection
	GlobalSection(ProjectConfigurationPlatforms) = postSolution
		{CFF88152-202A-4563-9F8D-069559D67133}.Debug|Any CPU.ActiveCfg = Debug|Any CPU
		{CFF88152-202A-4563-9F8D-069559D67133}.Debug|Any CPU.Build.0 = Debug|Any CPU
		{CFF88152-202A-4563-9F8D-069559D67133}.Debug|x64.ActiveCfg = Debug|x64
		{CFF88152-202A-4563-9F8D-069559D67133}.Debug|x64.Build.0 = Debug|x64
		{CFF88152-202A-4563-9F8D-069559D67133}.Release|Any CPU.ActiveCfg = Release|Any CPU
		{CFF88152-202A-4563-9F8D-069559D67133}.Release|Any CPU.Build.0 = Release|Any CPU
		{CFF88152-202A-4563-9F8D-069559D67133}.Release|x64.ActiveCfg = Release|x64
		{CFF88152-202A-4563-9F8D-069559D67133}.Release|x64.Build.0 = Release|x64
	EndGlobalSection
	GlobalSection(SolutionProperties) = preSolution
		HideSolutionNode = FALSE
	EndGlobalSection
	GlobalSection(ExtensibilityGlobals) = postSolution
		SolutionGuid = {87F3D367-631A-461E-82E0-6BA4327E51A9}
	EndGlobalSection
EndGlobal
